
Microsoft Visual Studio Solution File, Format Version 12.00
# Visual Studio Version 16
VisualStudioVersion = 16.0.32126.315
MinimumVisualStudioVersion = 10.0.40219.1
Project("{9A19103F-16F7-4668-BE54-9A1E7A4F7556}") = "ConsoleAppVendingMachine", "ConsoleAppVendingMachine.csproj", "{37C9B477-1610-4677-BEA7-EFA8312EB408}"
EndProject
Project("{FAE04EC0-301F-11D3-BF4B-00C04F79EFBC}") = "ConsoleAppVendingMachines.Test", "..\ConsoleAppVendingMachines.Test\ConsoleAppVendingMachines.Test.csproj", "{20EB0F31-0206-4BF5-8DD8-619E742354B5}"
EndProject
Global
	GlobalSection(SolutionConfigurationPlatforms) = preSolution
		Debug|Any CPU = Debug|Any CPU
		Release|Any CPU = Release|Any CPU
	EndGlobalSection
	GlobalSection(ProjectConfigurationPlatforms) = postSolution
		{37C9B477-1610-4677-BEA7-EFA8312EB408}.Debug|Any CPU.ActiveCfg = Debug|Any CPU
		{37C9B477-1610-4677-BEA7-EFA8312EB408}.Debug|Any CPU.Build.0 = Debug|Any CPU
		{37C9B477-1610-4677-BEA7-EFA8312EB408}.Release|Any CPU.ActiveCfg = Release|Any CPU
		{37C9B477-1610-4677-BEA7-EFA8312EB408}.Release|Any CPU.Build.0 = Release|Any CPU
		{20EB0F31-0206-4BF5-8DD8-619E742354B5}.Debug|Any CPU.ActiveCfg = Debug|Any CPU
		{20EB0F31-0206-4BF5-8DD8-619E742354B5}.Debug|Any CPU.Build.0 = Debug|Any CPU
		{20EB0F31-0206-4BF5-8DD8-619E742354B5}.Release|Any CPU.ActiveCfg = Release|Any CPU
		{20EB0F31-0206-4BF5-8DD8-619E742354B5}.Release|Any CPU.Build.0 = Release|Any CPU
	EndGlobalSection
	GlobalSection(SolutionProperties) = preSolution
		HideSolutionNode = FALSE
	EndGlobalSection
	GlobalSection(ExtensibilityGlobals) = postSolution
		SolutionGuid = {1FF1BF8E-B16E-4D89-9337-755F53071687}
	EndGlobalSection
EndGlobal
